name: generate-tanstack-security-lock
on:
  pull_request:
    paths:
      - package.json
      - bun.lock
      - .github/workflows/generate-tanstack-security-lock.yml
permissions:
  contents: write
jobs:
  lockfile:
    if: github.head_ref == 'security/tanstack-xss-20261001'
    runs-on: ubuntu-latest
    steps:
      - uses: actions/checkout@v4
        with:
          ref: ${{ github.event.pull_request.head.ref }}
      - uses: oven-sh/setup-bun@v2
      - name: Regenerate bun.lock
        run: bun install
      - name: Verify security and compatibility pins
        run: |
          grep -q '"@tanstack/react-start": "1.168.60"' package.json
          grep -q '@tanstack/react-start@1.168.60' bun.lock
          grep -q '@tanstack/start-server-core@1.169.39' bun.lock
          grep -q '@tanstack/react-start-server@1.167.37' bun.lock
      - name: Commit regenerated lockfile when changed
        run: |
          if git diff --quiet -- bun.lock; then
            echo "bun.lock já está sincronizado"
            exit 0
          fi
          git config user.name "github-actions[bot]"
          git config user.email "41898282+github-actions[bot]@users.noreply.github.com"
          git add bun.lock
          git commit -m "security: sincronizar lockfile TanStack compatível"
          git push origin HEAD:${{ github.event.pull_request.head.ref }}
